// !$*UTF8*$!
{
	archiveVersion = 1;
	classes = {
	};
	objectVersion = 50;
	objects = {

/* Begin PBXBuildFile section */
		114B4F802166B8280025A509 /* AppDelegate.swift in Sources */ = {isa = PBXBuildFile; fileRef = 114B4F7F2166B8280025A509 /* AppDelegate.swift */; };
		114B4F822166B8280025A509 /* GameScene.sks in Resources */ = {isa = PBXBuildFile; fileRef = 114B4F812166B8280025A509 /* GameScene.sks */; };
		114B4F842166B8280025A509 /* Actions.sks in Resources */ = {isa = PBXBuildFile; fileRef = 114B4F832166B8280025A509 /* Actions.sks */; };
		114B4F862166B8280025A509 /* GameScene.swift in Sources */ = {isa = PBXBuildFile; fileRef = 114B4F852166B8280025A509 /* GameScene.swift */; };
		114B4F882166B8280025A509 /* GameViewController.swift in Sources */ = {isa = PBXBuildFile; fileRef = 114B4F872166B8280025A509 /* GameViewController.swift */; };
		114B4F8B2166B8280025A509 /* Main.storyboard in Resources */ = {isa = PBXBuildFile; fileRef = 114B4F892166B8280025A509 /* Main.storyboard */; };
		114B4F8D2166B8280025A509 /* Assets.xcassets in Resources */ = {isa = PBXBuildFile; fileRef = 114B4F8C2166B8280025A509 /* Assets.xcassets */; };
		114B4F902166B8280025A509 /* LaunchScreen.storyboard in Resources */ = {isa = PBXBuildFile; fileRef = 114B4F8E2166B8280025A509 /* LaunchScreen.storyboard */; };
/* End PBXBuildFile section */

/* Begin PBXFileReference section */
		114B4F7C2166B8280025A509 /* SushiNeko.app */ = {isa = PBXFileReference; explicitFileType = wrapper.application; includeInIndex = 0; path = SushiNeko.app; sourceTree = BUILT_PRODUCTS_DIR; };
		114B4F7F2166B8280025A509 /* AppDelegate.swift */ = {isa = PBXFileReference; lastKnownFileType = sourcecode.swift; path = AppDelegate.swift; sourceTree = "<group>"; };
		114B4F812166B8280025A509 /* GameScene.sks */ = {isa = PBXFileReference; lastKnownFileType = file.sks; path = GameScene.sks; sourceTree = "<group>"; };
		114B4F832166B8280025A509 /* Actions.sks */ = {isa = PBXFileReference; lastKnownFileType = file.sks; path = Actions.sks; sourceTree = "<group>"; };
		114B4F852166B8280025A509 /* GameScene.swift */ = {isa = PBXFileReference; lastKnownFileType = sourcecode.swift; path = GameScene.swift; sourceTree = "<group>"; };
		114B4F872166B8280025A509 /* GameViewController.swift */ = {isa = PBXFileReference; lastKnownFileType = sourcecode.swift; path = GameViewController.swift; sourceTree = "<group>"; };
		114B4F8A2166B8280025A509 /* Base */ = {isa = PBXFileReference; lastKnownFileType = file.storyboard; name = Base; path = Base.lproj/Main.storyboard; sourceTree = "<group>"; };
		114B4F8C2166B8280025A509 /* Assets.xcassets */ = {isa = PBXFileReference; lastKnownFileType = folder.assetcatalog; path = Assets.xcassets; sourceTree = "<group>"; };
		114B4F8F2166B8280025A509 /* Base */ = {isa = PBXFileReference; lastKnownFileType = file.storyboard; name = Base; path = Base.lproj/LaunchScreen.storyboard; sourceTree = "<group>"; };
		114B4F912166B8280025A509 /* Info.plist */ = {isa = PBXFileReference; lastKnownFileType = text.plist.xml; path = Info.plist; sourceTree = "<group>"; };
/* End PBXFileReference section */

/* Begin PBXFrameworksBuildPhase section */
		114B4F792166B8280025A509 /* Frameworks */ = {
			isa = PBXFrameworksBuildPhase;
			buildActionMask = 2147483647;
			files = (
			);
			runOnlyForDeploymentPostprocessing = 0;
		};
/* End PBXFrameworksBuildPhase section */

/* Begin PBXGroup section */
		114B4F732166B8280025A509 = {
			isa = PBXGroup;
			children = (
				114B4F7E2166B8280025A509 /* SushiNeko */,
				114B4F7D2166B8280025A509 /* Products */,
			);
			sourceTree = "<group>";
		};
		114B4F7D2166B8280025A509 /* Products */ = {
			isa = PBXGroup;
			children = (
				114B4F7C2166B8280025A509 /* SushiNeko.app */,
			);
			name = Products;
			sourceTree = "<group>";
		};
		114B4F7E2166B8280025A509 /* SushiNeko */ = {
			isa = PBXGroup;
			children = (
				114B4F7F2166B8280025A509 /* AppDelegate.swift */,
				114B4F812166B8280025A509 /* GameScene.sks */,
				114B4F832166B8280025A509 /* Actions.sks */,
				114B4F852166B8280025A509 /* GameScene.swift */,
				114B4F872166B8280025A509 /* GameViewController.swift */,
				114B4F892166B8280025A509 /* Main.storyboard */,
				114B4F8C2166B8280025A509 /* Assets.xcassets */,
				114B4F8E2166B8280025A509 /* LaunchScreen.storyboard */,
				114B4F912166B8280025A509 /* Info.plist */,
			);
			path = SushiNeko;
			sourceTree = "<group>";
		};
/* End PBXGroup section */

/* Begin PBXNativeTarget section */
		114B4F7B2166B8280025A509 /* SushiNeko */ = {
			isa = PBXNativeTarget;
			buildConfigurationList = 114B4F942166B8280025A509 /* Build configuration list for PBXNativeTarget "SushiNeko" */;
			buildPhases = (
				114B4F782166B8280025A509 /* Sources */,
				114B4F792166B8280025A509 /* Frameworks */,
				114B4F7A2166B8280025A509 /* Resources */,
			);
			buildRules = (
			);
			dependencies = (
			);
			name = SushiNeko;
			productName = SushiNeko;
			productReference = 114B4F7C2166B8280025A509 /* SushiNeko.app */;
			productType = "com.apple.product-type.application";
		};
/* End PBXNativeTarget section */

/* Begin PBXProject section */
		114B4F742166B8280025A509 /* Project object */ = {
			isa = PBXProject;
			attributes = {
				LastSwiftUpdateCheck = 1000;
				LastUpgradeCheck = 1000;
				ORGANIZATIONNAME = "Fodé Diop";
				TargetAttributes = {
					114B4F7B2166B8280025A509 = {
						CreatedOnToolsVersion = 10.0;
					};
				};
			};
			buildConfigurationList = 114B4F772166B8280025A509 /* Build configuration list for PBXProject "SushiNeko" */;
			compatibilityVersion = "Xcode 9.3";
			developmentRegion = en;
			hasScannedForEncodings = 0;
			knownRegions = (
				en,
				Base,
			);
			mainGroup = 114B4F732166B8280025A509;
			productRefGroup = 114B4F7D2166B8280025A509 /* Products */;
			projectDirPath = "";
			projectRoot = "";
			targets = (
				114B4F7B2166B8280025A509 /* SushiNeko */,
			);
		};
/* End PBXProject section */

/* Begin PBXResourcesBuildPhase section */
		114B4F7A2166B8280025A509 /* Resources */ = {
			isa = PBXResourcesBuildPhase;
			buildActionMask = 2147483647;
			files = (
				114B4F8B2166B8280025A509 /* Main.storyboard in Resources */,
				114B4F822166B8280025A509 /* GameScene.sks in Resources */,
				114B4F8D2166B8280025A509 /* Assets.xcassets in Resources */,
				114B4F902166B8280025A509 /* LaunchScreen.storyboard in Resources */,
				114B4F842166B8280025A509 /* Actions.sks in Resources */,
			);
			runOnlyForDeploymentPostprocessing = 0;
		};
/* End PBXResourcesBuildPhase section */

/* Begin PBXSourcesBuildPhase section */
		114B4F782166B8280025A509 /* Sources */ = {
			isa = PBXSourcesBuildPhase;
			buildActionMask = 2147483647;
			files = (
				114B4F862166B8280025A509 /* GameScene.swift in Sources */,
				114B4F882166B8280025A509 /* GameViewController.swift in Sources */,
				114B4F802166B8280025A509 /* AppDelegate.swift in Sources */,
			);
			runOnlyForDeploymentPostprocessing = 0;
		};
/* End PBXSourcesBuildPhase section */

/* Begin PBXVariantGroup section */
		114B4F892166B8280025A509 /* Main.storyboard */ = {
			isa = PBXVariantGroup;
			children = (
				114B4F8A2166B8280025A509 /* Base */,
			);
			name = Main.storyboard;
			sourceTree = "<group>";
		};
		114B4F8E2166B8280025A509 /* LaunchScreen.storyboard */ = {
			isa = PBXVariantGroup;
			children = (
				114B4F8F2166B8280025A509 /* Base */,
			);
			name = LaunchScreen.storyboard;
			sourceTree = "<group>";
		};
/* End PBXVariantGroup section */

/* Begin XCBuildConfiguration section */
		114B4F922166B8280025A509 /* Debug */ = {
			isa = XCBuildConfiguration;
			buildSettings = {
				ALWAYS_SEARCH_USER_PATHS = NO;
				CLANG_ANALYZER_NONNULL = YES;
				CLANG_ANALYZER_NUMBER_OBJECT_CONVERSION = YES_AGGRESSIVE;
				CLANG_CXX_LANGUAGE_STANDARD = "gnu++14";
				CLANG_CXX_LIBRARY = "libc++";
				CLANG_ENABLE_MODULES = YES;
				CLANG_ENABLE_OBJC_ARC = YES;
				CLANG_ENABLE_OBJC_WEAK = YES;
				CLANG_WARN_BLOCK_CAPTURE_AUTORELEASING = YES;
				CLANG_WARN_BOOL_CONVERSION = YES;
				CLANG_WARN_COMMA = YES;
				CLANG_WARN_CONSTANT_CONVERSION = YES;
				CLANG_WARN_DEPRECATED_OBJC_IMPLEMENTATIONS = YES;
				CLANG_WARN_DIRECT_OBJC_ISA_USAGE = YES_ERROR;
				CLANG_WARN_DOCUMENTATION_COMMENTS = YES;
				CLANG_WARN_EMPTY_BODY = YES;
				CLANG_WARN_ENUM_CONVERSION = YES;
				CLANG_WARN_INFINITE_RECURSION = YES;
				CLANG_WARN_INT_CONVERSION = YES;
				CLANG_WARN_NON_LITERAL_NULL_CONVERSION = YES;
				CLANG_WARN_OBJC_IMPLICIT_RETAIN_SELF = YES;
				CLANG_WARN_OBJC_LITERAL_CONVERSION = YES;
				CLANG_WARN_OBJC_ROOT_CLASS = YES_ERROR;
				CLANG_WARN_RANGE_LOOP_ANALYSIS = YES;
				CLANG_WARN_STRICT_PROTOTYPES = YES;
				CLANG_WARN_SUSPICIOUS_MOVE = YES;
				CLANG_WARN_UNGUARDED_AVAILABILITY = YES_AGGRESSIVE;
				CLANG_WARN_UNREACHABLE_CODE = YES;
				CLANG_WARN__DUPLICATE_METHOD_MATCH = YES;
				CODE_SIGN_IDENTITY = "iPhone Developer";
				COPY_PHASE_STRIP = NO;
				DEBUG_INFORMATION_FORMAT = dwarf;
				ENABLE_STRICT_OBJC_MSGSEND = YES;
				ENABLE_TESTABILITY = YES;
				GCC_C_LANGUAGE_STANDARD = gnu11;
				GCC_DYNAMIC_NO_PIC = NO;
				GCC_NO_COMMON_BLOCKS = YES;
				GCC_OPTIMIZATION_LEVEL = 0;
				GCC_PREPROCESSOR_DEFINITIONS = (
					"DEBUG=1",
					"$(inherited)",
				);
				GCC_WARN_64_TO_32_BIT_CONVERSION = YES;
				GCC_WARN_ABOUT_RETURN_TYPE = YES_ERROR;
				GCC_WARN_UNDECLARED_SELECTOR = YES;
				GCC_WARN_UNINITIALIZED_AUTOS = YES_AGGRESSIVE;
				GCC_WARN_UNUSED_FUNCTION = YES;
				GCC_WARN_UNUSED_VARIABLE = YES;
				IPHONEOS_DEPLOYMENT_TARGET = 12.0;
				MTL_ENABLE_DEBUG_INFO = INCLUDE_SOURCE;
				MTL_FAST_MATH = YES;
				ONLY_ACTIVE_ARCH = YES;
				SDKROOT = iphoneos;
				SWIFT_ACTIVE_COMPILATION_CONDITIONS = DEBUG;
				SWIFT_OPTIMIZATION_LEVEL = "-Onone";
			};
			name = Debug;
		};
		114B4F932166B8280025A509 /* Release */ = {
			isa = XCBuildConfiguration;
			buildSettings = {
				ALWAYS_SEARCH_USER_PATHS = NO;
				CLANG_ANALYZER_NONNULL = YES;
				CLANG_ANALYZER_NUMBER_OBJECT_CONVERSION = YES_AGGRESSIVE;
				CLANG_CXX_LANGUAGE_STANDARD = "gnu++14";
				CLANG_CXX_LIBRARY = "libc++";
				CLANG_ENABLE_MODULES = YES;
				CLANG_ENABLE_OBJC_ARC = YES;
				CLANG_ENABLE_OBJC_WEAK = YES;
				CLANG_WARN_BLOCK_CAPTURE_AUTORELEASING = YES;
				CLANG_WARN_BOOL_CONVERSION = YES;
				CLANG_WARN_COMMA = YES;
				CLANG_WARN_CONSTANT_CONVERSION = YES;
				CLANG_WARN_DEPRECATED_OBJC_IMPLEMENTATIONS = YES;
				CLANG_WARN_DIRECT_OBJC_ISA_USAGE = YES_ERROR;
				CLANG_WARN_DOCUMENTATION_COMMENTS = YES;
				CLANG_WARN_EMPTY_BODY = YES;
				CLANG_WARN_ENUM_CONVERSION = YES;
				CLANG_WARN_INFINITE_RECURSION = YES;
				CLANG_WARN_INT_CONVERSION = YES;
				CLANG_WARN_NON_LITERAL_NULL_CONVERSION = YES;
				CLANG_WARN_OBJC_IMPLICIT_RETAIN_SELF = YES;
				CLANG_WARN_OBJC_LITERAL_CONVERSION = YES;
				CLANG_WARN_OBJC_ROOT_CLASS = YES_ERROR;
				CLANG_WARN_RANGE_LOOP_ANALYSIS = YES;
				CLANG_WARN_STRICT_PROTOTYPES = YES;
				CLANG_WARN_SUSPICIOUS_MOVE = YES;
				CLANG_WARN_UNGUARDED_AVAILABILITY = YES_AGGRESSIVE;
				CLANG_WARN_UNREACHABLE_CODE = YES;
				CLANG_WARN__DUPLICATE_METHOD_MATCH = YES;
				CODE_SIGN_IDENTITY = "iPhone Developer";
				COPY_PHASE_STRIP = NO;
				DEBUG_INFORMATION_FORMAT = "dwarf-with-dsym";
				ENABLE_NS_ASSERTIONS = NO;
				ENABLE_STRICT_OBJC_MSGSEND = YES;
				GCC_C_LANGUAGE_STANDARD = gnu11;
				GCC_NO_COMMON_BLOCKS = YES;
				GCC_WARN_64_TO_32_BIT_CONVERSION = YES;
				GCC_WARN_ABOUT_RETURN_TYPE = YES_ERROR;
				GCC_WARN_UNDECLARED_SELECTOR = YES;
				GCC_WARN_UNINITIALIZED_AUTOS = YES_AGGRESSIVE;
				GCC_WARN_UNUSED_FUNCTION = YES;
				GCC_WARN_UNUSED_VARIABLE = YES;
				IPHONEOS_DEPLOYMENT_TARGET = 12.0;
				MTL_ENABLE_DEBUG_INFO = NO;
				MTL_FAST_MATH = YES;
				SDKROOT = iphoneos;
				SWIFT_COMPILATION_MODE = wholemodule;
				SWIFT_OPTIMIZATION_LEVEL = "-O";
				VALIDATE_PRODUCT = YES;
			};
			name = Release;
		};
		114B4F952166B8280025A509 /* Debug */ = {
			isa = XCBuildConfiguration;
			buildSettings = {
				ASSETCATALOG_COMPILER_APPICON_NAME = AppIcon;
				CODE_SIGN_STYLE = Automatic;
				DEVELOPMENT_TEAM = HA9KWA3DF4;
				INFOPLIST_FILE = SushiNeko/Info.plist;
				LD_RUNPATH_SEARCH_PATHS = (
					"$(inherited)",
					"@executable_path/Frameworks",
				);
				PRODUCT_BUNDLE_IDENTIFIER = com.diopart.SushiNeko;
				PRODUCT_NAME = "$(TARGET_NAME)";
				SWIFT_VERSION = 4.2;
				TARGETED_DEVICE_FAMILY = "1,2";
			};
			name = Debug;
		};
		114B4F962166B8280025A509 /* Release */ = {
			isa = XCBuildConfiguration;
			buildSettings = {
				ASSETCATALOG_COMPILER_APPICON_NAME = AppIcon;
				CODE_SIGN_STYLE = Automatic;
				DEVELOPMENT_TEAM = HA9KWA3DF4;
				INFOPLIST_FILE = SushiNeko/Info.plist;
				LD_RUNPATH_SEARCH_PATHS = (
					"$(inherited)",
					"@executable_path/Frameworks",
				);
				PRODUCT_BUNDLE_IDENTIFIER = com.diopart.SushiNeko;
				PRODUCT_NAME = "$(TARGET_NAME)";
				SWIFT_VERSION = 4.2;
				TARGETED_DEVICE_FAMILY = "1,2";
			};
			name = Release;
		};
/* End XCBuildConfiguration section */

/* Begin XCConfigurationList section */
		114B4F772166B8280025A509 /* Build configuration list for PBXProject "SushiNeko" */ = {
			isa = XCConfigurationList;
			buildConfigurations = (
				114B4F922166B8280025A509 /* Debug */,
				114B4F932166B8280025A509 /* Release */,
			);
			defaultConfigurationIsVisible = 0;
			defaultConfigurationName = Release;
		};
		114B4F942166B8280025A509 /* Build configuration list for PBXNativeTarget "SushiNeko" */ = {
			isa = XCConfigurationList;
			buildConfigurations = (
				114B4F952166B8280025A509 /* Debug */,
				114B4F962166B8280025A509 /* Release */,
			);
			defaultConfigurationIsVisible = 0;
			defaultConfigurationName = Release;
		};
/* End XCConfigurationList section */
	};
	rootObject = 114B4F742166B8280025A509 /* Project object */;
}
